
Microsoft Visual Studio Solution File, Format Version 12.00
# Visual Studio Version 17
VisualStudioVersion = 17.13.35806.99 d17.13
MinimumVisualStudioVersion = 10.0.40219.1
Project("{FAE04EC0-301F-11D3-BF4B-00C04F79EFBC}") = "Gegga.Blazor", "Gegga.Blazor\Gegga.Blazor.csproj", "{CC82B3C1-0713-4CAC-8325-2C82E80D299F}"
EndProject
Project("{FAE04EC0-301F-11D3-BF4B-00C04F79EFBC}") = "Gegga.WebApi", "Gegga.WebApi\Gegga.WebApi.csproj", "{AE8F12C7-A0C7-44A4-B5A4-675297E9D4B8}"
EndProject
Global
	GlobalSection(SolutionConfigurationPlatforms) = preSolution
		Debug|Any CPU = Debug|Any CPU
		Release|Any CPU = Release|Any CPU
	EndGlobalSection
	GlobalSection(ProjectConfigurationPlatforms) = postSolution
		{CC82B3C1-0713-4CAC-8325-2C82E80D299F}.Debug|Any CPU.ActiveCfg = Debug|Any CPU
		{CC82B3C1-0713-4CAC-8325-2C82E80D299F}.Debug|Any CPU.Build.0 = Debug|Any CPU
		{CC82B3C1-0713-4CAC-8325-2C82E80D299F}.Release|Any CPU.ActiveCfg = Release|Any CPU
		{CC82B3C1-0713-4CAC-8325-2C82E80D299F}.Release|Any CPU.Build.0 = Release|Any CPU
		{AE8F12C7-A0C7-44A4-B5A4-675297E9D4B8}.Debug|Any CPU.ActiveCfg = Debug|Any CPU
		{AE8F12C7-A0C7-44A4-B5A4-675297E9D4B8}.Debug|Any CPU.Build.0 = Debug|Any CPU
		{AE8F12C7-A0C7-44A4-B5A4-675297E9D4B8}.Release|Any CPU.ActiveCfg = Release|Any CPU
		{AE8F12C7-A0C7-44A4-B5A4-675297E9D4B8}.Release|Any CPU.Build.0 = Release|Any CPU
	EndGlobalSection
	GlobalSection(SolutionProperties) = preSolution
		HideSolutionNode = FALSE
	EndGlobalSection
	GlobalSection(ExtensibilityGlobals) = postSolution
		SolutionGuid = {0AC9B42B-85FD-4F3B-B290-79904C4F5439}
	EndGlobalSection
EndGlobal
